[[package]]
name = "bezier"
version = "2021.2.12"
description = "Helper for Bézier Curves, Triangles, and Higher Order Objects"
category = "main"
optional = false
python-versions = "*"

[package.dependencies]
numpy = ">=1.20.1"

[package.extras]
full = ["matplotlib (>=3.3.4)", "scipy (>=1.6.0)", "sympy (>=1.7.1)"]

[[package]]
name = "certifi"
version = "2022.12.7"
description = "Python package for providing Mozilla's CA Bundle."
category = "main"
optional = false
python-versions = ">=3.6"

[[package]]
name = "charset-normalizer"
version = "2.1.1"
description = "The Real First Universal Charset Detector. Open, modern and actively maintained alternative to Chardet."
category = "main"
optional = false
python-versions = ">=3.6.0"

[package.extras]
unicode_backport = ["unicodedata2"]

[[package]]
name = "click"
version = "8.1.3"
description = "Composable command line interface toolkit"
category = "main"
optional = false
python-versions = ">=3.7"

[package.dependencies]
colorama = {version = "*", markers = "platform_system == \"Windows\""}

[[package]]
name = "click-default-group"
version = "1.2.2"
description = "Extends click.Group to invoke a command without explicit subcommand name"
category = "main"
optional = false
python-versions = "*"

[package.dependencies]
click = "*"

[[package]]
name = "cloup"
version = "0.13.1"
description = "Adds features to Click: option groups, constraints, subcommand sections and help themes."
category = "main"
optional = false
python-versions = ">=3.6"

[package.dependencies]
click = ">=7.1,<9.0"
typing-extensions = {version = "*", markers = "python_version <= \"3.8\""}

[[package]]
name = "colorama"
version = "0.4.6"
description = "Cross-platform colored terminal text."
category = "main"
optional = false
python-versions = "!=3.0.*,!=3.1.*,!=3.2.*,!=3.3.*,!=3.4.*,!=3.5.*,!=3.6.*,>=2.7"

[[package]]
name = "colour"
version = "0.1.5"
description = "converts and manipulates various color representation (HSL, RVB, web, X11, ...)"
category = "main"
optional = false
python-versions = "*"

[package.extras]
test = ["nose"]

[[package]]
name = "commonmark"
version = "0.9.1"
description = "Python parser for the CommonMark Markdown spec"
category = "main"
optional = false
python-versions = "*"

[package.extras]
test = ["flake8 (==3.7.8)", "hypothesis (==3.55.3)"]

[[package]]
name = "cython"
version = "0.29.32"
description = "The Cython compiler for writing C extensions for the Python language."
category = "main"
optional = false
python-versions = ">=2.6, !=3.0.*, !=3.1.*, !=3.2.*"

[[package]]
name = "decorator"
version = "5.1.1"
description = "Decorators for Humans"
category = "main"
optional = false
python-versions = ">=3.5"

[[package]]
name = "glcontext"
version = "2.3.7"
description = "Portable OpenGL Context"
category = "main"
optional = false
python-versions = "*"

[[package]]
name = "idna"
version = "3.4"
description = "Internationalized Domain Names in Applications (IDNA)"
category = "main"
optional = false
python-versions = ">=3.5"

[[package]]
name = "isosurfaces"
version = "0.1.0"
description = "Construct isolines/isosurfaces over a 2D/3D scalar field defined by a function (not a uniform grid)"
category = "main"
optional = false
python-versions = "*"

[package.dependencies]
numpy = "*"

[[package]]
name = "manim"
version = "0.17.2"
description = "Animation engine for explanatory math videos."
category = "main"
optional = false
python-versions = ">=3.8,<3.12"

[package.dependencies]
click = ">=7.2,<=9.0"
click-default-group = ">=1.2.2,<2.0.0"
cloup = ">=0.13.0,<0.14.0"
colour = ">=0.1.5,<0.2.0"
decorator = ">=5.0.7,<6.0.0"
isosurfaces = "0.1.0"
manimpango = ">=0.4.0.post0,<0.5.0"
mapbox-earcut = ">=1.0.0,<2.0.0"
moderngl = ">=5.6.3,<6.0.0"
moderngl-window = ">=2.3.0,<3.0.0"
networkx = ">=2.5,<3.0"
numpy = ">=1.19,<2.0"
Pillow = ">=9.1,<10.0"
pycairo = ">=1.21,<2.0"
pydub = ">=0.25.1,<0.26.0"
Pygments = ">=2.10.0,<3.0.0"
requests = ">=2.26.0,<3.0.0"
rich = ">=6.0,<12.0.0 || >12.0.0"
scipy = ">=1.7.3,<2.0.0"
screeninfo = ">=0.8,<0.9"
skia-pathops = ">=0.7.0,<0.8.0"
srt = ">=3.5.0,<4.0.0"
svgelements = ">=1.8.0,<2.0.0"
tqdm = ">=4.62.3,<5.0.0"
watchdog = ">=2.1.6,<3.0.0"

[package.extras]
jupyterlab = ["jupyterlab (>=3.0,<4.0)", "notebook (>=6.4,<7.0)"]
gui = ["dearpygui (>=1.3.1,<2.0.0)"]

[[package]]
name = "manimpango"
version = "0.4.3"
description = "Bindings for Pango for using with Manim."
category = "main"
optional = false
python-versions = ">=3.7"

[[package]]
name = "mapbox-earcut"
version = "1.0.1"
description = "Python bindings for the mapbox earcut C++ polygon triangulation library."
category = "main"
optional = false
python-versions = "*"

[package.dependencies]
numpy = "*"

[package.extras]
test = ["pytest"]

[[package]]
name = "moderngl"
version = "5.7.4"
description = "ModernGL: High performance rendering for Python 3"
category = "main"
optional = false
python-versions = "*"

[package.dependencies]
glcontext = ">=2.3.6,<3"

[[package]]
name = "moderngl-window"
version = "2.4.2"
description = "A cross platform helper library for ModernGL making window creation and resource loading simple"
category = "main"
optional = false
python-versions = ">=3.6"

[package.dependencies]
moderngl = "<6"
numpy = ">=1.16,<2"
Pillow = ">=9,<10"
pyglet = ">=2.0dev23"
pyrr = ">=0.10.3,<1"

[package.extras]
pysdl2 = ["pysdl2"]
pyside2 = ["PySide2 (<6)"]
glfw = ["glfw"]
pygame = ["pygame (>=2.1.2)"]
pyqt5 = ["pyqt5"]
pywavefront = ["pywavefront (>=1.3.3,<2)"]
tk = ["pyopengltk (>=0.0.3)"]
trimesh = ["trimesh (>=3.2.6,<4)", "scipy (>=1.3.2)"]

[[package]]
name = "multipledispatch"
version = "0.6.0"
description = "Multiple dispatch"
category = "main"
optional = false
python-versions = "*"

[package.dependencies]
six = "*"

[[package]]
name = "networkx"
version = "2.8.8"
description = "Python package for creating and manipulating graphs and networks"
category = "main"
optional = false
python-versions = ">=3.8"

[package.extras]
default = ["numpy (>=1.19)", "scipy (>=1.8)", "matplotlib (>=3.4)", "pandas (>=1.3)"]
developer = ["pre-commit (>=2.20)", "mypy (>=0.982)"]
doc = ["sphinx (>=5.2)", "pydata-sphinx-theme (>=0.11)", "sphinx-gallery (>=0.11)", "numpydoc (>=1.5)", "pillow (>=9.2)", "nb2plots (>=0.6)", "texext (>=0.6.6)"]
extra = ["lxml (>=4.6)", "pygraphviz (>=1.9)", "pydot (>=1.4.2)", "sympy (>=1.10)"]
test = ["pytest (>=7.2)", "pytest-cov (>=4.0)", "codecov (>=2.1)"]

[[package]]
name = "numpy"
version = "1.24.1"
description = "Fundamental package for array computing in Python"
category = "main"
optional = false
python-versions = ">=3.8"

[[package]]
name = "pillow"
version = "9.3.0"
description = "Python Imaging Library (Fork)"
category = "main"
optional = false
python-versions = ">=3.7"

[package.extras]
docs = ["furo", "olefile", "sphinx (>=2.4)", "sphinx-copybutton", "sphinx-issues (>=3.0.1)", "sphinx-removed-in", "sphinxext-opengraph"]
tests = ["check-manifest", "coverage", "defusedxml", "markdown2", "olefile", "packaging", "pyroma", "pytest", "pytest-cov", "pytest-timeout"]

[[package]]
name = "pycairo"
version = "1.23.0"
description = "Python interface for cairo"
category = "main"
optional = false
python-versions = ">=3.7"

[[package]]
name = "pydub"
version = "0.25.1"
description = "Manipulate audio with an simple and easy high level interface"
category = "main"
optional = false
python-versions = "*"

[[package]]
name = "pyglet"
version = "2.0.2.1"
description = "Cross-platform windowing and multimedia library"
category = "main"
optional = false
python-versions = "*"

[[package]]
name = "pygments"
version = "2.14.0"
description = "Pygments is a syntax highlighting package written in Python."
category = "main"
optional = false
python-versions = ">=3.6"

[package.extras]
plugins = ["importlib-metadata"]

[[package]]
name = "pyobjc-core"
version = "9.0.1"
description = "Python<->ObjC Interoperability Module"
category = "main"
optional = false
python-versions = ">=3.7"

[[package]]
name = "pyobjc-framework-cocoa"
version = "9.0.1"
description = "Wrappers for the Cocoa frameworks on macOS"
category = "main"
optional = false
python-versions = ">=3.7"

[package.dependencies]
pyobjc-core = ">=9.0.1"

[[package]]
name = "pyrr"
version = "0.10.3"
description = "3D mathematical functions using NumPy"
category = "main"
optional = false
python-versions = "*"

[package.dependencies]
multipledispatch = "*"
numpy = "*"

[[package]]
name = "requests"
version = "2.28.1"
description = "Python HTTP for Humans."
category = "main"
optional = false
python-versions = ">=3.7, <4"

[package.dependencies]
certifi = ">=2017.4.17"
charset-normalizer = ">=2,<3"
idna = ">=2.5,<4"
urllib3 = ">=1.21.1,<1.27"

[package.extras]
socks = ["PySocks (>=1.5.6,!=1.5.7)"]
use_chardet_on_py3 = ["chardet (>=3.0.2,<6)"]

[[package]]
name = "rich"
version = "13.0.0"
description = "Render rich text, tables, progress bars, syntax highlighting, markdown and more to the terminal"
category = "main"
optional = false
python-versions = ">=3.7.0"

[package.dependencies]
commonmark = ">=0.9.0,<0.10.0"
pygments = ">=2.6.0,<3.0.0"
typing-extensions = {version = ">=4.0.0,<5.0", markers = "python_version < \"3.9\""}

[package.extras]
jupyter = ["ipywidgets (>=7.5.1,<8.0.0)"]

[[package]]
name = "scipy"
version = "1.9.3"
description = "Fundamental algorithms for scientific computing in Python"
category = "main"
optional = false
python-versions = ">=3.8"

[package.dependencies]
numpy = ">=1.18.5,<1.26.0"

[package.extras]
test = ["pytest", "pytest-cov", "pytest-xdist", "asv", "mpmath", "gmpy2", "threadpoolctl", "scikit-umfpack"]
doc = ["sphinx (!=4.1.0)", "pydata-sphinx-theme (==0.9.0)", "sphinx-panels (>=0.5.2)", "matplotlib (>2)", "numpydoc", "sphinx-tabs"]
dev = ["mypy", "typing-extensions", "pycodestyle", "flake8"]

[[package]]
name = "screeninfo"
version = "0.8.1"
description = "Fetch location and size of physical screens."
category = "main"
optional = false
python-versions = ">=3.6.2,<4.0.0"

[package.dependencies]
Cython = {version = "*", markers = "sys_platform == \"darwin\""}
pyobjc-framework-Cocoa = {version = "*", markers = "sys_platform == \"darwin\""}

[[package]]
name = "six"
version = "1.16.0"
description = "Python 2 and 3 compatibility utilities"
category = "main"
optional = false
python-versions = ">=2.7, !=3.0.*, !=3.1.*, !=3.2.*"

[[package]]
name = "skia-pathops"
version = "0.7.4"
description = "Python access to operations on paths using the Skia library"
category = "main"
optional = false
python-versions = ">=3.7"

[package.extras]
testing = ["pytest", "coverage", "pytest-xdist", "pytest-randomly"]

[[package]]
name = "srt"
version = "3.5.2"
description = "A tiny library for parsing, modifying, and composing SRT files."
category = "main"
optional = false
python-versions = ">=2.7"

[[package]]
name = "svgelements"
version = "1.9.0"
description = "Svg Elements Parsing"
category = "main"
optional = false
python-versions = "*"

[[package]]
name = "tqdm"
version = "4.64.1"
description = "Fast, Extensible Progress Meter"
category = "main"
optional = false
python-versions = "!=3.0.*,!=3.1.*,!=3.2.*,!=3.3.*,>=2.7"

[package.dependencies]
colorama = {version = "*", markers = "platform_system == \"Windows\""}

[package.extras]
dev = ["py-make (>=0.1.0)", "twine", "wheel"]
notebook = ["ipywidgets (>=6)"]
slack = ["slack-sdk"]
telegram = ["requests"]

[[package]]
name = "typing-extensions"
version = "4.4.0"
description = "Backported and Experimental Type Hints for Python 3.7+"
category = "main"
optional = false
python-versions = ">=3.7"

[[package]]
name = "urllib3"
version = "1.26.13"
description = "HTTP library with thread-safe connection pooling, file post, and more."
category = "main"
optional = false
python-versions = ">=2.7, !=3.0.*, !=3.1.*, !=3.2.*, !=3.3.*, !=3.4.*, !=3.5.*"

[package.extras]
brotli = ["brotlicffi (>=0.8.0)", "brotli (>=1.0.9)", "brotlipy (>=0.6.0)"]
secure = ["pyOpenSSL (>=0.14)", "cryptography (>=1.3.4)", "idna (>=2.0.0)", "certifi", "urllib3-secure-extra", "ipaddress"]
socks = ["PySocks (>=1.5.6,!=1.5.7,<2.0)"]

[[package]]
name = "watchdog"
version = "2.2.1"
description = "Filesystem events monitoring"
category = "main"
optional = false
python-versions = ">=3.6"

[package.extras]
watchmedo = ["PyYAML (>=3.10)"]

[metadata]
lock-version = "1.1"
python-versions = ">=3.8,<=3.11"
content-hash = "ae15f959809f12cd310c36d430e85123424414c8e6db6948504bde5114fea2d4"

[metadata.files]
bezier = []
certifi = []
charset-normalizer = []
click = [
    {file = "click-8.1.3-py3-none-any.whl", hash = "sha256:bb4d8133cb15a609f44e8213d9b391b0809795062913b383c62be0ee95b1db48"},
    {file = "click-8.1.3.tar.gz", hash = "sha256:7682dc8afb30297001674575ea00d1814d808d6a36af415a82bd481d37ba7b8e"},
]
click-default-group = [
    {file = "click-default-group-1.2.2.tar.gz", hash = "sha256:d9560e8e8dfa44b3562fbc9425042a0fd6d21956fcc2db0077f63f34253ab904"},
]
cloup = [
    {file = "cloup-0.13.1-py2.py3-none-any.whl", hash = "sha256:04a29a483e122c04f401547dcbce451ce002ff3e392308122619d5b9009f321f"},
    {file = "cloup-0.13.1.tar.gz", hash = "sha256:ea0acc67eed994b86e79b70d76bc2ea525b7f98f3cd8e63696896d549597ef4d"},
]
colorama = []
colour = [
    {file = "colour-0.1.5-py2.py3-none-any.whl", hash = "sha256:33f6db9d564fadc16e59921a56999b79571160ce09916303d35346dddc17978c"},
    {file = "colour-0.1.5.tar.gz", hash = "sha256:af20120fefd2afede8b001fbef2ea9da70ad7d49fafdb6489025dae8745c3aee"},
]
commonmark = [
    {file = "commonmark-0.9.1-py2.py3-none-any.whl", hash = "sha256:da2f38c92590f83de410ba1a3cbceafbc74fee9def35f9251ba9a971d6d66fd9"},
    {file = "commonmark-0.9.1.tar.gz", hash = "sha256:452f9dc859be7f06631ddcb328b6919c67984aca654e5fefb3914d54691aed60"},
]
cython = []
decorator = [
    {file = "decorator-5.1.1-py3-none-any.whl", hash = "sha256:b8c3f85900b9dc423225913c5aace94729fe1fa9763b38939a95226f02d37186"},
    {file = "decorator-5.1.1.tar.gz", hash = "sha256:637996211036b6385ef91435e4fae22989472f9d571faba8927ba8253acbc330"},
]
glcontext = []
idna = []
isosurfaces = [
    {file = "isosurfaces-0.1.0-py3-none-any.whl", hash = "sha256:a3421f7e7115f72f8f1af538ac4723e5570b1aaa0ddfc6a86520d2d781f3e91f"},
    {file = "isosurfaces-0.1.0.tar.gz", hash = "sha256:fa1b44e5e59d2f429add49289ab89e36f8dcda49b7badd99e0beea273be331f4"},
]
manim = []
manimpango = []
mapbox-earcut = []
moderngl = []
moderngl-window = []
multipledispatch = [
    {file = "multipledispatch-0.6.0-py2-none-any.whl", hash = "sha256:407e6d8c5fa27075968ba07c4db3ef5f02bea4e871e959570eeb69ee39a6565b"},
    {file = "multipledispatch-0.6.0-py3-none-any.whl", hash = "sha256:a55c512128fb3f7c2efd2533f2550accb93c35f1045242ef74645fc92a2c3cba"},
    {file = "multipledispatch-0.6.0.tar.gz", hash = "sha256:a7ab1451fd0bf9b92cab3edbd7b205622fb767aeefb4fb536c2e3de9e0a38bea"},
]
networkx = []
numpy = []
pillow = []
pycairo = []
pydub = [
    {file = "pydub-0.25.1-py2.py3-none-any.whl", hash = "sha256:65617e33033874b59d87db603aa1ed450633288aefead953b30bded59cb599a6"},
    {file = "pydub-0.25.1.tar.gz", hash = "sha256:980a33ce9949cab2a569606b65674d748ecbca4f0796887fd6f46173a7b0d30f"},
]
pyglet = []
pygments = []
pyobjc-core = []
pyobjc-framework-cocoa = []
pyrr = [
    {file = "pyrr-0.10.3-py3-none-any.whl", hash = "sha256:d8af23fb9bb29262405845e1c98f7339fbba5e49323b98528bd01160a75c65ac"},
    {file = "pyrr-0.10.3.tar.gz", hash = "sha256:3c0f7b20326e71f706a610d58f2190fff73af01eef60c19cb188b186f0ec7e1d"},
]
requests = []
rich = []
scipy = []
screeninfo = []
six = [
    {file = "six-1.16.0-py2.py3-none-any.whl", hash = "sha256:8abb2f1d86890a2dfb989f9a77cfcfd3e47c2a354b01111771326f8aa26e0254"},
    {file = "six-1.16.0.tar.gz", hash = "sha256:1e61c37477a1626458e36f7b1d82aa5c9b094fa4802892072e49de9c60c4c926"},
]
skia-pathops = []
srt = [
    {file = "srt-3.5.2.tar.gz", hash = "sha256:7aa4ad5ce4126d3f53b3e7bc4edaa86653d0378bf1c0b1ab8c59f5ab41384450"},
]
svgelements = []
tqdm = []
typing-extensions = []
urllib3 = []
watchdog = []
